# This file is automatically @generated by Poetry 1.6.1 and should not be changed by hand.

[[package]]
name = "asgiref"
version = "3.7.2"
description = "ASGI specs, helper code, and adapters"
optional = false
python-versions = ">=3.7"
files = [
    {file = "asgiref-3.7.2-py3-none-any.whl", hash = "sha256:89b2ef2247e3b562a16eef663bc0e2e703ec6468e2fa8a5cd61cd449786d4f6e"},
    {file = "asgiref-3.7.2.tar.gz", hash = "sha256:9e0ce3aa93a819ba5b45120216b23878cf6e8525eb3848653452b4192b92afed"},
]

[package.extras]
tests = ["mypy (>=0.800)", "pytest", "pytest-asyncio"]

[[package]]
name = "django"
version = "4.2.7"
description = "A high-level Python web framework that encourages rapid development and clean, pragmatic design."
optional = false
python-versions = ">=3.8"
files = [
    {file = "Django-4.2.7-py3-none-any.whl", hash = "sha256:e1d37c51ad26186de355cbcec16613ebdabfa9689bbade9c538835205a8abbe9"},
    {file = "Django-4.2.7.tar.gz", hash = "sha256:8e0f1c2c2786b5c0e39fe1afce24c926040fad47c8ea8ad30aaf1188df29fc41"},
]

[package.dependencies]
asgiref = ">=3.6.0,<4"
sqlparse = ">=0.3.1"
tzdata = {version = "*", markers = "sys_platform == \"win32\""}

[package.extras]
argon2 = ["argon2-cffi (>=19.1.0)"]
bcrypt = ["bcrypt"]

[[package]]
name = "djangorestframework"
version = "3.14.0"
description = "Web APIs for Django, made easy."
optional = false
python-versions = ">=3.6"
files = [
    {file = "djangorestframework-3.14.0-py3-none-any.whl", hash = "sha256:eb63f58c9f218e1a7d064d17a70751f528ed4e1d35547fdade9aaf4cd103fd08"},
    {file = "djangorestframework-3.14.0.tar.gz", hash = "sha256:579a333e6256b09489cbe0a067e66abe55c6595d8926be6b99423786334350c8"},
]

[package.dependencies]
django = ">=3.0"
pytz = "*"

[[package]]
name = "pytz"
version = "2023.3.post1"
description = "World timezone definitions, modern and historical"
optional = false
python-versions = "*"
files = [
    {file = "pytz-2023.3.post1-py2.py3-none-any.whl", hash = "sha256:ce42d816b81b68506614c11e8937d3aa9e41007ceb50bfdcb0749b921bf646c7"},
    {file = "pytz-2023.3.post1.tar.gz", hash = "sha256:7b4fddbeb94a1eba4b557da24f19fdf9db575192544270a9101d8509f9f43d7b"},
]

[[package]]
name = "ruff"
version = "0.1.4"
description = "An extremely fast Python linter and code formatter, written in Rust."
optional = false
python-versions = ">=3.7"
files = [
    {file = "ruff-0.1.4-py3-none-macosx_10_7_x86_64.whl", hash = "sha256:864958706b669cce31d629902175138ad8a069d99ca53514611521f532d91495"},
    {file = "ruff-0.1.4-py3-none-macosx_10_9_x86_64.macosx_11_0_arm64.macosx_10_9_universal2.whl", hash = "sha256:9fdd61883bb34317c788af87f4cd75dfee3a73f5ded714b77ba928e418d6e39e"},
    {file = "ruff-0.1.4-py3-none-manylinux_2_17_aarch64.manylinux2014_aarch64.whl", hash = "sha256:b4eaca8c9cc39aa7f0f0d7b8fe24ecb51232d1bb620fc4441a61161be4a17539"},
    {file = "ruff-0.1.4-py3-none-manylinux_2_17_armv7l.manylinux2014_armv7l.whl", hash = "sha256:a9a1301dc43cbf633fb603242bccd0aaa34834750a14a4c1817e2e5c8d60de17"},
    {file = "ruff-0.1.4-py3-none-manylinux_2_17_i686.manylinux2014_i686.whl", hash = "sha256:78e8db8ab6f100f02e28b3d713270c857d370b8d61871d5c7d1702ae411df683"},
    {file = "ruff-0.1.4-py3-none-manylinux_2_17_ppc64.manylinux2014_ppc64.whl", hash = "sha256:80fea754eaae06335784b8ea053d6eb8e9aac75359ebddd6fee0858e87c8d510"},
    {file = "ruff-0.1.4-py3-none-manylinux_2_17_ppc64le.manylinux2014_ppc64le.whl", hash = "sha256:6bc02a480d4bfffd163a723698da15d1a9aec2fced4c06f2a753f87f4ce6969c"},
    {file = "ruff-0.1.4-py3-none-manylinux_2_17_s390x.manylinux2014_s390x.whl", hash = "sha256:9862811b403063765b03e716dac0fda8fdbe78b675cd947ed5873506448acea4"},
    {file = "ruff-0.1.4-py3-none-manylinux_2_17_x86_64.manylinux2014_x86_64.whl", hash = "sha256:58826efb8b3efbb59bb306f4b19640b7e366967a31c049d49311d9eb3a4c60cb"},
    {file = "ruff-0.1.4-py3-none-musllinux_1_2_aarch64.whl", hash = "sha256:fdfd453fc91d9d86d6aaa33b1bafa69d114cf7421057868f0b79104079d3e66e"},
    {file = "ruff-0.1.4-py3-none-musllinux_1_2_armv7l.whl", hash = "sha256:e8791482d508bd0b36c76481ad3117987301b86072158bdb69d796503e1c84a8"},
    {file = "ruff-0.1.4-py3-none-musllinux_1_2_i686.whl", hash = "sha256:01206e361021426e3c1b7fba06ddcb20dbc5037d64f6841e5f2b21084dc51800"},
    {file = "ruff-0.1.4-py3-none-musllinux_1_2_x86_64.whl", hash = "sha256:645591a613a42cb7e5c2b667cbefd3877b21e0252b59272ba7212c3d35a5819f"},
    {file = "ruff-0.1.4-py3-none-win32.whl", hash = "sha256:99908ca2b3b85bffe7e1414275d004917d1e0dfc99d497ccd2ecd19ad115fd0d"},
    {file = "ruff-0.1.4-py3-none-win_amd64.whl", hash = "sha256:1dfd6bf8f6ad0a4ac99333f437e0ec168989adc5d837ecd38ddb2cc4a2e3db8a"},
    {file = "ruff-0.1.4-py3-none-win_arm64.whl", hash = "sha256:d98ae9ebf56444e18a3e3652b3383204748f73e247dea6caaf8b52d37e6b32da"},
    {file = "ruff-0.1.4.tar.gz", hash = "sha256:21520ecca4cc555162068d87c747b8f95e1e95f8ecfcbbe59e8dd00710586315"},
]

[[package]]
name = "sqlparse"
version = "0.4.4"
description = "A non-validating SQL parser."
optional = false
python-versions = ">=3.5"
files = [
    {file = "sqlparse-0.4.4-py3-none-any.whl", hash = "sha256:5430a4fe2ac7d0f93e66f1efc6e1338a41884b7ddf2a350cedd20ccc4d9d28f3"},
    {file = "sqlparse-0.4.4.tar.gz", hash = "sha256:d446183e84b8349fa3061f0fe7f06ca94ba65b426946ffebe6e3e8295332420c"},
]

[package.extras]
dev = ["build", "flake8"]
doc = ["sphinx"]
test = ["pytest", "pytest-cov"]

[[package]]
name = "tzdata"
version = "2023.3"
description = "Provider of IANA time zone data"
optional = false
python-versions = ">=2"
files = [
    {file = "tzdata-2023.3-py2.py3-none-any.whl", hash = "sha256:7e65763eef3120314099b6939b5546db7adce1e7d6f2e179e3df563c70511eda"},
    {file = "tzdata-2023.3.tar.gz", hash = "sha256:11ef1e08e54acb0d4f95bdb1be05da659673de4acbd21bf9c69e94cc5e907a3a"},
]

[metadata]
lock-version = "2.0"
python-versions = "^3.11"
content-hash = "9fb4551fe92103c44752ff79a6f5a352c3e61bba6161a64d170643e23d4bc5a4"
